
Microsoft Visual Studio Solution File, Format Version 12.00
# Visual Studio Version 17
VisualStudioVersion = 17.4.33122.133
MinimumVisualStudioVersion = 10.0.40219.1
Project("{9A19103F-16F7-4668-BE54-9A1E7A4F7556}") = "MessageRouter", "MessageRouter.csproj", "{9FA7B7A5-FC46-4560-A4D9-16375FF7E476}"
EndProject
Global
	GlobalSection(SolutionConfigurationPlatforms) = preSolution
		Debug|Any CPU = Debug|Any CPU
		Release|Any CPU = Release|Any CPU
	EndGlobalSection
	GlobalSection(ProjectConfigurationPlatforms) = postSolution
		{9FA7B7A5-FC46-4560-A4D9-16375FF7E476}.Debug|Any CPU.ActiveCfg = Debug|Any CPU
		{9FA7B7A5-FC46-4560-A4D9-16375FF7E476}.Debug|Any CPU.Build.0 = Debug|Any CPU
		{9FA7B7A5-FC46-4560-A4D9-16375FF7E476}.Release|Any CPU.ActiveCfg = Release|Any CPU
		{9FA7B7A5-FC46-4560-A4D9-16375FF7E476}.Release|Any CPU.Build.0 = Release|Any CPU
	EndGlobalSection
	GlobalSection(SolutionProperties) = preSolution
		HideSolutionNode = FALSE
	EndGlobalSection
	GlobalSection(ExtensibilityGlobals) = postSolution
		SolutionGuid = {01098B50-5AA2-42DD-8023-60957055FB2E}
	EndGlobalSection
EndGlobal
